
Microsoft Visual Studio Solution File, Format Version 12.00
# Visual Studio 15
VisualStudioVersion = 15.0.27703.2000
MinimumVisualStudioVersion = 10.0.40219.1
Project("{9A19103F-16F7-4668-BE54-9A1E7A4F7556}") = "SamsTarCS", "SamsTarCS\SamsTarCS.csproj", "{F4DA231E-25C3-4D6E-99FB-1C9ADD129900}"
EndProject
Project("{9A19103F-16F7-4668-BE54-9A1E7A4F7556}") = "Tests", "Tests\Tests.csproj", "{D6887BFC-354D-4C4A-B229-9F044D8BADBC}"
EndProject
Global
	GlobalSection(SolutionConfigurationPlatforms) = preSolution
		Debug|Any CPU = Debug|Any CPU
		Release|Any CPU = Release|Any CPU
	EndGlobalSection
	GlobalSection(ProjectConfigurationPlatforms) = postSolution
		{F4DA231E-25C3-4D6E-99FB-1C9ADD129900}.Debug|Any CPU.ActiveCfg = Debug|Any CPU
		{F4DA231E-25C3-4D6E-99FB-1C9ADD129900}.Debug|Any CPU.Build.0 = Debug|Any CPU
		{F4DA231E-25C3-4D6E-99FB-1C9ADD129900}.Release|Any CPU.ActiveCfg = Release|Any CPU
		{F4DA231E-25C3-4D6E-99FB-1C9ADD129900}.Release|Any CPU.Build.0 = Release|Any CPU
		{D6887BFC-354D-4C4A-B229-9F044D8BADBC}.Debug|Any CPU.ActiveCfg = Debug|Any CPU
		{D6887BFC-354D-4C4A-B229-9F044D8BADBC}.Debug|Any CPU.Build.0 = Debug|Any CPU
		{D6887BFC-354D-4C4A-B229-9F044D8BADBC}.Release|Any CPU.ActiveCfg = Release|Any CPU
		{D6887BFC-354D-4C4A-B229-9F044D8BADBC}.Release|Any CPU.Build.0 = Release|Any CPU
	EndGlobalSection
	GlobalSection(SolutionProperties) = preSolution
		HideSolutionNode = FALSE
	EndGlobalSection
	GlobalSection(ExtensibilityGlobals) = postSolution
		SolutionGuid = {C90440CD-A437-49D2-9E3E-D78A37A7B25E}
	EndGlobalSection
EndGlobal
